# This file is automatically @generated by Poetry 1.8.3 and should not be changed by hand.

[[package]]
name = "confluent-kafka"
version = "2.5.3"
description = "Confluent's Python client for Apache Kafka"
optional = false
python-versions = "*"
files = [
    {file = "confluent-kafka-2.5.3.tar.gz", hash = "sha256:eca625b0a8742d864a954bbe6493d453c07bacedf9e10d71a54dd1047f775778"},
    {file = "confluent_kafka-2.5.3-cp310-cp310-macosx_10_9_x86_64.whl", hash = "sha256:8a1a2a8756b2c1cd2654ea83d1e819a6e2c0a4337eacec50bfd2ab1f0c24a29c"},
    {file = "confluent_kafka-2.5.3-cp310-cp310-macosx_11_0_arm64.whl", hash = "sha256:c284eefed1b27133d90afc0fa2fd735864db8501190f3c2e0c8d8b1a20b07759"},
    {file = "confluent_kafka-2.5.3-cp310-cp310-manylinux_2_28_aarch64.whl", hash = "sha256:46c6063726fcdae835902961bb6c0e4c148499b87fdd513e6b2a6b406922ae3e"},
    {file = "confluent_kafka-2.5.3-cp310-cp310-manylinux_2_28_x86_64.whl", hash = "sha256:505078b402dde98dc06dc66b6356acd19984742ef6b82dd52fb860f2a14b5a57"},
    {file = "confluent_kafka-2.5.3-cp310-cp310-win_amd64.whl", hash = "sha256:db30418bb36723a02ba51e058312056d0403c5f245beb379bff66e4b0c14337b"},
    {file = "confluent_kafka-2.5.3-cp311-cp311-macosx_10_9_x86_64.whl", hash = "sha256:4dd5fa74231fc21c3a26eeda1999a27f84768a6291a8b04c3cd61ac1deea4ace"},
    {file = "confluent_kafka-2.5.3-cp311-cp311-macosx_11_0_arm64.whl", hash = "sha256:ac8b5fe45ee9c11ce7a516dc7c41441ebb17d9ff63c8646a59b8e52bd791b154"},
    {file = "confluent_kafka-2.5.3-cp311-cp311-manylinux_2_28_aarch64.whl", hash = "sha256:7125c3f86a76136b25aa21c94303b33709e2dd15f777395ea81fbd6872d9147b"},
    {file = "confluent_kafka-2.5.3-cp311-cp311-manylinux_2_28_x86_64.whl", hash = "sha256:8ec7a407bcb2eb122ff159d602cedc41d858f4c66a436c778f5d2f9f15fbec4e"},
    {file = "confluent_kafka-2.5.3-cp311-cp311-win_amd64.whl", hash = "sha256:4cfb18d69e6912fe90cbbcc9c7d805988122c51ab3041e1424ace64bc31b736f"},
    {file = "confluent_kafka-2.5.3-cp312-cp312-macosx_10_9_x86_64.whl", hash = "sha256:8d86de3e2c7bb59fb16faea468e833712912106f32a3a3ec345088c366042734"},
    {file = "confluent_kafka-2.5.3-cp312-cp312-macosx_11_0_arm64.whl", hash = "sha256:e9ffb298b3ea3477afdaa5da6033d35dc0be01b10537d9b63994411e79b41477"},
    {file = "confluent_kafka-2.5.3-cp312-cp312-manylinux_2_28_aarch64.whl", hash = "sha256:61a92637bea8fca454ec711f46e7753647deb7da56132995103acb5eb5041a29"},
    {file = "confluent_kafka-2.5.3-cp312-cp312-manylinux_2_28_x86_64.whl", hash = "sha256:3daad72791ae06dec257c9105278e89ae0924e86ef107a1acb443106f002f361"},
    {file = "confluent_kafka-2.5.3-cp312-cp312-win_amd64.whl", hash = "sha256:f626494cd6ad18fa2ed83f80d687bc0194cff6f61b3d4f2aa183efa23ede2e02"},
    {file = "confluent_kafka-2.5.3-cp36-cp36m-macosx_10_9_x86_64.whl", hash = "sha256:f034f13c08ba238154d818294ceabb2257e8df8fb6489f891ec7600c7c541553"},
    {file = "confluent_kafka-2.5.3-cp36-cp36m-manylinux_2_28_aarch64.whl", hash = "sha256:806c43fd1524034a9b6c958b4f9395ff5f56ef697218a336eac1da5006184f66"},
    {file = "confluent_kafka-2.5.3-cp36-cp36m-manylinux_2_28_x86_64.whl", hash = "sha256:0cdb150c12d5ac6e33572cbf16243284c65a178e3719baa610a48d672e9d92bf"},
    {file = "confluent_kafka-2.5.3-cp36-cp36m-win_amd64.whl", hash = "sha256:a2ed265bf3420811efd802fd8ebf5ec0f20a82e9baeff5299a67f6a84dde1b06"},
    {file = "confluent_kafka-2.5.3-cp37-cp37m-macosx_10_9_x86_64.whl", hash = "sha256:27d048429b138667c51541adc04bb398afa61a37a7be89f16ff9a318019d02c6"},
    {file = "confluent_kafka-2.5.3-cp37-cp37m-manylinux_2_28_aarch64.whl", hash = "sha256:eb80c22a7ca17839f229f299bafca1450c9fe4d5ca222e60e52428df91d42b56"},
    {file = "confluent_kafka-2.5.3-cp37-cp37m-manylinux_2_28_x86_64.whl", hash = "sha256:5122b8e9f94b6160d47e8f0020857376caa21f715b95c4b13c68683b47260c8f"},
    {file = "confluent_kafka-2.5.3-cp37-cp37m-win_amd64.whl", hash = "sha256:3b69c3120e0cac9ca463ca603ddc9d4e811409ef4ec69d2b6bb8bd94d6fce95e"},
    {file = "confluent_kafka-2.5.3-cp38-cp38-macosx_10_9_x86_64.whl", hash = "sha256:a6f152e704b01c6a726233d081921454b7de106a5e4036994d1d5f4b34e7e46f"},
    {file = "confluent_kafka-2.5.3-cp38-cp38-macosx_11_0_arm64.whl", hash = "sha256:2b8eef8c2f963ca6f5fcc79a0d6edef4e25fba83dfc0ef3f0401e1644f60ff11"},
    {file = "confluent_kafka-2.5.3-cp38-cp38-manylinux_2_28_aarch64.whl", hash = "sha256:0751302b0fd8090cbca92d7d34d237768923107b30de2611f3db93c2118cf2a8"},
    {file = "confluent_kafka-2.5.3-cp38-cp38-manylinux_2_28_x86_64.whl", hash = "sha256:0e0cb3b18a59d1c6fcae60297ee25b5c65d5c39c8ad8033a8fa1392498a71c9e"},
    {file = "confluent_kafka-2.5.3-cp38-cp38-win_amd64.whl", hash = "sha256:0b14928cddba963ea7d1c66aa268b6d37976bc91b4cf2100b5b7336d848ced22"},
    {file = "confluent_kafka-2.5.3-cp39-cp39-macosx_10_9_x86_64.whl", hash = "sha256:dae80e9e1e4417462fe61f64da0ab111395719e35c9f7f3eac7c671ff5e868fe"},
    {file = "confluent_kafka-2.5.3-cp39-cp39-macosx_11_0_arm64.whl", hash = "sha256:75e1da68b199ef2472e47785d9a5c2dc75d307ed78827ad929bb733728b18567"},
    {file = "confluent_kafka-2.5.3-cp39-cp39-manylinux_2_28_aarch64.whl", hash = "sha256:fa2318eaa9b2d5f3ebc2022b71e4ebf6242c13963b4faccf46eea49fea0ad91f"},
    {file = "confluent_kafka-2.5.3-cp39-cp39-manylinux_2_28_x86_64.whl", hash = "sha256:490836e9fc3b4489721327e3df987c8667916a97d178e2296913c8d5de6623a9"},
    {file = "confluent_kafka-2.5.3-cp39-cp39-win_amd64.whl", hash = "sha256:cfabe291cda68fdc3136f2f367dd4e5a6c3750113785f0c1936ba9cae09f4e9d"},
]

[package.extras]
avro = ["avro (>=1.11.1,<2)", "fastavro (>=0.23.0,<1.0)", "fastavro (>=1.0)", "requests"]
dev = ["avro (>=1.11.1,<2)", "fastavro (>=0.23.0,<1.0)", "fastavro (>=1.0)", "flake8", "pytest", "pytest (==4.6.4)", "pytest-timeout", "requests"]
doc = ["avro (>=1.11.1,<2)", "fastavro (>=0.23.0,<1.0)", "fastavro (>=1.0)", "requests", "sphinx", "sphinx-rtd-theme"]
json = ["jsonschema", "pyrsistent", "pyrsistent (==0.16.1)", "requests"]
protobuf = ["protobuf", "requests"]
schema-registry = ["requests"]

[[package]]
name = "kafka-python"
version = "2.0.2"
description = "Pure Python client for Apache Kafka"
optional = false
python-versions = "*"
files = [
    {file = "kafka-python-2.0.2.tar.gz", hash = "sha256:04dfe7fea2b63726cd6f3e79a2d86e709d608d74406638c5da33a01d45a9d7e3"},
    {file = "kafka_python-2.0.2-py2.py3-none-any.whl", hash = "sha256:2d92418c7cb1c298fa6c7f0fb3519b520d0d7526ac6cb7ae2a4fc65a51a94b6e"},
]

[package.extras]
crc32c = ["crc32c"]

[[package]]
name = "numpy"
version = "2.1.2"
description = "Fundamental package for array computing in Python"
optional = false
python-versions = ">=3.10"
files = [
    {file = "numpy-2.1.2-cp310-cp310-macosx_10_9_x86_64.whl", hash = "sha256:30d53720b726ec36a7f88dc873f0eec8447fbc93d93a8f079dfac2629598d6ee"},
    {file = "numpy-2.1.2-cp310-cp310-macosx_11_0_arm64.whl", hash = "sha256:e8d3ca0a72dd8846eb6f7dfe8f19088060fcb76931ed592d29128e0219652884"},
    {file = "numpy-2.1.2-cp310-cp310-macosx_14_0_arm64.whl", hash = "sha256:fc44e3c68ff00fd991b59092a54350e6e4911152682b4782f68070985aa9e648"},
    {file = "numpy-2.1.2-cp310-cp310-macosx_14_0_x86_64.whl", hash = "sha256:7c1c60328bd964b53f8b835df69ae8198659e2b9302ff9ebb7de4e5a5994db3d"},
    {file = "numpy-2.1.2-cp310-cp310-manylinux_2_17_aarch64.manylinux2014_aarch64.whl", hash = "sha256:6cdb606a7478f9ad91c6283e238544451e3a95f30fb5467fbf715964341a8a86"},
    {file = "numpy-2.1.2-cp310-cp310-manylinux_2_17_x86_64.manylinux2014_x86_64.whl", hash = "sha256:d666cb72687559689e9906197e3bec7b736764df6a2e58ee265e360663e9baf7"},
    {file = "numpy-2.1.2-cp310-cp310-musllinux_1_1_x86_64.whl", hash = "sha256:c6eef7a2dbd0abfb0d9eaf78b73017dbfd0b54051102ff4e6a7b2980d5ac1a03"},
    {file = "numpy-2.1.2-cp310-cp310-musllinux_1_2_aarch64.whl", hash = "sha256:12edb90831ff481f7ef5f6bc6431a9d74dc0e5ff401559a71e5e4611d4f2d466"},
    {file = "numpy-2.1.2-cp310-cp310-win32.whl", hash = "sha256:a65acfdb9c6ebb8368490dbafe83c03c7e277b37e6857f0caeadbbc56e12f4fb"},
    {file = "numpy-2.1.2-cp310-cp310-win_amd64.whl", hash = "sha256:860ec6e63e2c5c2ee5e9121808145c7bf86c96cca9ad396c0bd3e0f2798ccbe2"},
    {file = "numpy-2.1.2-cp311-cp311-macosx_10_9_x86_64.whl", hash = "sha256:b42a1a511c81cc78cbc4539675713bbcf9d9c3913386243ceff0e9429ca892fe"},
    {file = "numpy-2.1.2-cp311-cp311-macosx_11_0_arm64.whl", hash = "sha256:faa88bc527d0f097abdc2c663cddf37c05a1c2f113716601555249805cf573f1"},
    {file = "numpy-2.1.2-cp311-cp311-macosx_14_0_arm64.whl", hash = "sha256:c82af4b2ddd2ee72d1fc0c6695048d457e00b3582ccde72d8a1c991b808bb20f"},
    {file = "numpy-2.1.2-cp311-cp311-macosx_14_0_x86_64.whl", hash = "sha256:13602b3174432a35b16c4cfb5de9a12d229727c3dd47a6ce35111f2ebdf66ff4"},
    {file = "numpy-2.1.2-cp311-cp311-manylinux_2_17_aarch64.manylinux2014_aarch64.whl", hash = "sha256:1ebec5fd716c5a5b3d8dfcc439be82a8407b7b24b230d0ad28a81b61c2f4659a"},
    {file = "numpy-2.1.2-cp311-cp311-manylinux_2_17_x86_64.manylinux2014_x86_64.whl", hash = "sha256:e2b49c3c0804e8ecb05d59af8386ec2f74877f7ca8fd9c1e00be2672e4d399b1"},
    {file = "numpy-2.1.2-cp311-cp311-musllinux_1_1_x86_64.whl", hash = "sha256:2cbba4b30bf31ddbe97f1c7205ef976909a93a66bb1583e983adbd155ba72ac2"},
    {file = "numpy-2.1.2-cp311-cp311-musllinux_1_2_aarch64.whl", hash = "sha256:8e00ea6fc82e8a804433d3e9cedaa1051a1422cb6e443011590c14d2dea59146"},
    {file = "numpy-2.1.2-cp311-cp311-win32.whl", hash = "sha256:5006b13a06e0b38d561fab5ccc37581f23c9511879be7693bd33c7cd15ca227c"},
    {file = "numpy-2.1.2-cp311-cp311-win_amd64.whl", hash = "sha256:f1eb068ead09f4994dec71c24b2844f1e4e4e013b9629f812f292f04bd1510d9"},
    {file = "numpy-2.1.2-cp312-cp312-macosx_10_13_x86_64.whl", hash = "sha256:d7bf0a4f9f15b32b5ba53147369e94296f5fffb783db5aacc1be15b4bf72f43b"},
    {file = "numpy-2.1.2-cp312-cp312-macosx_11_0_arm64.whl", hash = "sha256:b1d0fcae4f0949f215d4632be684a539859b295e2d0cb14f78ec231915d644db"},
    {file = "numpy-2.1.2-cp312-cp312-macosx_14_0_arm64.whl", hash = "sha256:f751ed0a2f250541e19dfca9f1eafa31a392c71c832b6bb9e113b10d050cb0f1"},
    {file = "numpy-2.1.2-cp312-cp312-macosx_14_0_x86_64.whl", hash = "sha256:bd33f82e95ba7ad632bc57837ee99dba3d7e006536200c4e9124089e1bf42426"},
    {file = "numpy-2.1.2-cp312-cp312-manylinux_2_17_aarch64.manylinux2014_aarch64.whl", hash = "sha256:1b8cde4f11f0a975d1fd59373b32e2f5a562ade7cde4f85b7137f3de8fbb29a0"},
    {file = "numpy-2.1.2-cp312-cp312-manylinux_2_17_x86_64.manylinux2014_x86_64.whl", hash = "sha256:6d95f286b8244b3649b477ac066c6906fbb2905f8ac19b170e2175d3d799f4df"},
    {file = "numpy-2.1.2-cp312-cp312-musllinux_1_1_x86_64.whl", hash = "sha256:ab4754d432e3ac42d33a269c8567413bdb541689b02d93788af4131018cbf366"},
    {file = "numpy-2.1.2-cp312-cp312-musllinux_1_2_aarch64.whl", hash = "sha256:e585c8ae871fd38ac50598f4763d73ec5497b0de9a0ab4ef5b69f01c6a046142"},
    {file = "numpy-2.1.2-cp312-cp312-win32.whl", hash = "sha256:9c6c754df29ce6a89ed23afb25550d1c2d5fdb9901d9c67a16e0b16eaf7e2550"},
    {file = "numpy-2.1.2-cp312-cp312-win_amd64.whl", hash = "sha256:456e3b11cb79ac9946c822a56346ec80275eaf2950314b249b512896c0d2505e"},
    {file = "numpy-2.1.2-cp313-cp313-macosx_10_13_x86_64.whl", hash = "sha256:a84498e0d0a1174f2b3ed769b67b656aa5460c92c9554039e11f20a05650f00d"},
    {file = "numpy-2.1.2-cp313-cp313-macosx_11_0_arm64.whl", hash = "sha256:4d6ec0d4222e8ffdab1744da2560f07856421b367928026fb540e1945f2eeeaf"},
    {file = "numpy-2.1.2-cp313-cp313-macosx_14_0_arm64.whl", hash = "sha256:259ec80d54999cc34cd1eb8ded513cb053c3bf4829152a2e00de2371bd406f5e"},
    {file = "numpy-2.1.2-cp313-cp313-macosx_14_0_x86_64.whl", hash = "sha256:675c741d4739af2dc20cd6c6a5c4b7355c728167845e3c6b0e824e4e5d36a6c3"},
    {file = "numpy-2.1.2-cp313-cp313-manylinux_2_17_aarch64.manylinux2014_aarch64.whl", hash = "sha256:05b2d4e667895cc55e3ff2b56077e4c8a5604361fc21a042845ea3ad67465aa8"},
    {file = "numpy-2.1.2-cp313-cp313-manylinux_2_17_x86_64.manylinux2014_x86_64.whl", hash = "sha256:43cca367bf94a14aca50b89e9bc2061683116cfe864e56740e083392f533ce7a"},
    {file = "numpy-2.1.2-cp313-cp313-musllinux_1_1_x86_64.whl", hash = "sha256:76322dcdb16fccf2ac56f99048af32259dcc488d9b7e25b51e5eca5147a3fb98"},
    {file = "numpy-2.1.2-cp313-cp313-musllinux_1_2_aarch64.whl", hash = "sha256:32e16a03138cabe0cb28e1007ee82264296ac0983714094380b408097a418cfe"},
    {file = "numpy-2.1.2-cp313-cp313-win32.whl", hash = "sha256:242b39d00e4944431a3cd2db2f5377e15b5785920421993770cddb89992c3f3a"},
    {file = "numpy-2.1.2-cp313-cp313-win_amd64.whl", hash = "sha256:f2ded8d9b6f68cc26f8425eda5d3877b47343e68ca23d0d0846f4d312ecaa445"},
    {file = "numpy-2.1.2-cp313-cp313t-macosx_10_13_x86_64.whl", hash = "sha256:2ffef621c14ebb0188a8633348504a35c13680d6da93ab5cb86f4e54b7e922b5"},
    {file = "numpy-2.1.2-cp313-cp313t-macosx_11_0_arm64.whl", hash = "sha256:ad369ed238b1959dfbade9018a740fb9392c5ac4f9b5173f420bd4f37ba1f7a0"},
    {file = "numpy-2.1.2-cp313-cp313t-macosx_14_0_arm64.whl", hash = "sha256:d82075752f40c0ddf57e6e02673a17f6cb0f8eb3f587f63ca1eaab5594da5b17"},
    {file = "numpy-2.1.2-cp313-cp313t-macosx_14_0_x86_64.whl", hash = "sha256:1600068c262af1ca9580a527d43dc9d959b0b1d8e56f8a05d830eea39b7c8af6"},
    {file = "numpy-2.1.2-cp313-cp313t-manylinux_2_17_aarch64.manylinux2014_aarch64.whl", hash = "sha256:a26ae94658d3ba3781d5e103ac07a876b3e9b29db53f68ed7df432fd033358a8"},
    {file = "numpy-2.1.2-cp313-cp313t-manylinux_2_17_x86_64.manylinux2014_x86_64.whl", hash = "sha256:13311c2db4c5f7609b462bc0f43d3c465424d25c626d95040f073e30f7570e35"},
    {file = "numpy-2.1.2-cp313-cp313t-musllinux_1_1_x86_64.whl", hash = "sha256:2abbf905a0b568706391ec6fa15161fad0fb5d8b68d73c461b3c1bab6064dd62"},
    {file = "numpy-2.1.2-cp313-cp313t-musllinux_1_2_aarch64.whl", hash = "sha256:ef444c57d664d35cac4e18c298c47d7b504c66b17c2ea91312e979fcfbdfb08a"},
    {file = "numpy-2.1.2-pp310-pypy310_pp73-macosx_10_15_x86_64.whl", hash = "sha256:bdd407c40483463898b84490770199d5714dcc9dd9b792f6c6caccc523c00952"},
    {file = "numpy-2.1.2-pp310-pypy310_pp73-macosx_14_0_x86_64.whl", hash = "sha256:da65fb46d4cbb75cb417cddf6ba5e7582eb7bb0b47db4b99c9fe5787ce5d91f5"},
    {file = "numpy-2.1.2-pp310-pypy310_pp73-manylinux_2_17_x86_64.manylinux2014_x86_64.whl", hash = "sha256:1c193d0b0238638e6fc5f10f1b074a6993cb13b0b431f64079a509d63d3aa8b7"},
    {file = "numpy-2.1.2-pp310-pypy310_pp73-win_amd64.whl", hash = "sha256:a7d80b2e904faa63068ead63107189164ca443b42dd1930299e0d1cb041cec2e"},
    {file = "numpy-2.1.2.tar.gz", hash = "sha256:13532a088217fa624c99b843eeb54640de23b3414b14aa66d023805eb731066c"},
]

[[package]]
name = "psycopg2"
version = "2.9.9"
description = "psycopg2 - Python-PostgreSQL Database Adapter"
optional = false
python-versions = ">=3.7"
files = [
    {file = "psycopg2-2.9.9-cp310-cp310-win32.whl", hash = "sha256:38a8dcc6856f569068b47de286b472b7c473ac7977243593a288ebce0dc89516"},
    {file = "psycopg2-2.9.9-cp310-cp310-win_amd64.whl", hash = "sha256:426f9f29bde126913a20a96ff8ce7d73fd8a216cfb323b1f04da402d452853c3"},
    {file = "psycopg2-2.9.9-cp311-cp311-win32.whl", hash = "sha256:ade01303ccf7ae12c356a5e10911c9e1c51136003a9a1d92f7aa9d010fb98372"},
    {file = "psycopg2-2.9.9-cp311-cp311-win_amd64.whl", hash = "sha256:121081ea2e76729acfb0673ff33755e8703d45e926e416cb59bae3a86c6a4981"},
    {file = "psycopg2-2.9.9-cp312-cp312-win32.whl", hash = "sha256:d735786acc7dd25815e89cc4ad529a43af779db2e25aa7c626de864127e5a024"},
    {file = "psycopg2-2.9.9-cp312-cp312-win_amd64.whl", hash = "sha256:a7653d00b732afb6fc597e29c50ad28087dcb4fbfb28e86092277a559ae4e693"},
    {file = "psycopg2-2.9.9-cp37-cp37m-win32.whl", hash = "sha256:5e0d98cade4f0e0304d7d6f25bbfbc5bd186e07b38eac65379309c4ca3193efa"},
    {file = "psycopg2-2.9.9-cp37-cp37m-win_amd64.whl", hash = "sha256:7e2dacf8b009a1c1e843b5213a87f7c544b2b042476ed7755be813eaf4e8347a"},
    {file = "psycopg2-2.9.9-cp38-cp38-win32.whl", hash = "sha256:ff432630e510709564c01dafdbe996cb552e0b9f3f065eb89bdce5bd31fabf4c"},
    {file = "psycopg2-2.9.9-cp38-cp38-win_amd64.whl", hash = "sha256:bac58c024c9922c23550af2a581998624d6e02350f4ae9c5f0bc642c633a2d5e"},
    {file = "psycopg2-2.9.9-cp39-cp39-win32.whl", hash = "sha256:c92811b2d4c9b6ea0285942b2e7cac98a59e166d59c588fe5cfe1eda58e72d59"},
    {file = "psycopg2-2.9.9-cp39-cp39-win_amd64.whl", hash = "sha256:de80739447af31525feddeb8effd640782cf5998e1a4e9192ebdf829717e3913"},
    {file = "psycopg2-2.9.9.tar.gz", hash = "sha256:d1454bde93fb1e224166811694d600e746430c006fbb031ea06ecc2ea41bf156"},
]

[metadata]
lock-version = "2.0"
python-versions = "3.10.14"
content-hash = "455b677986ae66a9e1c3a16ba15ef2cccd2456d1d5363faa282ec01a8a8cbc77"
